
Microsoft Visual Studio Solution File, Format Version 12.00
# Visual Studio Version 17
VisualStudioVersion = 17.13.35825.156
MinimumVisualStudioVersion = 10.0.40219.1
Project("{FAE04EC0-301F-11D3-BF4B-00C04F79EFBC}") = "ConnectionTester", "ConnectionTester\ConnectionTester.csproj", "{C76A2F3F-0F49-4407-881F-DA88BF21EFA4}"
EndProject
Project("{FAE04EC0-301F-11D3-BF4B-00C04F79EFBC}") = "FeedBackApp.Core", "FeedBackApp.Core\FeedBackApp.Core.csproj", "{4DAE0304-8B88-4AD2-8D0C-9445FB97F2A8}"
EndProject
Project("{FAE04EC0-301F-11D3-BF4B-00C04F79EFBC}") = "FeedBackApp.Backend.Infrastructure", "FeedBackApp.Backend.Infrastructure\FeedBackApp.Backend.Infrastructure.csproj", "{B82E7AA0-8ADE-4BFC-BD97-1AC216FAA2F7}"
EndProject
Project("{FAE04EC0-301F-11D3-BF4B-00C04F79EFBC}") = "AzureFunctionsAPI", "AzureFunctionsAPI\AzureFunctionsAPI.csproj", "{510C8633-3AA1-4589-AC43-CD5DA17EA30E}"
EndProject
Project("{FAE04EC0-301F-11D3-BF4B-00C04F79EFBC}") = "FeedBackApp.Tests", "FeedBackApp.Tests\FeedBackApp.Tests.csproj", "{2C6CACD4-0863-9048-DBD2-72320EF0B5BE}"
EndProject
Global
	GlobalSection(SolutionConfigurationPlatforms) = preSolution
		Debug|Any CPU = Debug|Any CPU
		Release|Any CPU = Release|Any CPU
	EndGlobalSection
	GlobalSection(ProjectConfigurationPlatforms) = postSolution
		{C76A2F3F-0F49-4407-881F-DA88BF21EFA4}.Debug|Any CPU.ActiveCfg = Debug|Any CPU
		{C76A2F3F-0F49-4407-881F-DA88BF21EFA4}.Debug|Any CPU.Build.0 = Debug|Any CPU
		{C76A2F3F-0F49-4407-881F-DA88BF21EFA4}.Release|Any CPU.ActiveCfg = Release|Any CPU
		{C76A2F3F-0F49-4407-881F-DA88BF21EFA4}.Release|Any CPU.Build.0 = Release|Any CPU
		{4DAE0304-8B88-4AD2-8D0C-9445FB97F2A8}.Debug|Any CPU.ActiveCfg = Debug|Any CPU
		{4DAE0304-8B88-4AD2-8D0C-9445FB97F2A8}.Debug|Any CPU.Build.0 = Debug|Any CPU
		{4DAE0304-8B88-4AD2-8D0C-9445FB97F2A8}.Release|Any CPU.ActiveCfg = Release|Any CPU
		{4DAE0304-8B88-4AD2-8D0C-9445FB97F2A8}.Release|Any CPU.Build.0 = Release|Any CPU
		{B82E7AA0-8ADE-4BFC-BD97-1AC216FAA2F7}.Debug|Any CPU.ActiveCfg = Debug|Any CPU
		{B82E7AA0-8ADE-4BFC-BD97-1AC216FAA2F7}.Debug|Any CPU.Build.0 = Debug|Any CPU
		{B82E7AA0-8ADE-4BFC-BD97-1AC216FAA2F7}.Release|Any CPU.ActiveCfg = Release|Any CPU
		{B82E7AA0-8ADE-4BFC-BD97-1AC216FAA2F7}.Release|Any CPU.Build.0 = Release|Any CPU
		{510C8633-3AA1-4589-AC43-CD5DA17EA30E}.Debug|Any CPU.ActiveCfg = Debug|Any CPU
		{510C8633-3AA1-4589-AC43-CD5DA17EA30E}.Debug|Any CPU.Build.0 = Debug|Any CPU
		{510C8633-3AA1-4589-AC43-CD5DA17EA30E}.Release|Any CPU.ActiveCfg = Release|Any CPU
		{510C8633-3AA1-4589-AC43-CD5DA17EA30E}.Release|Any CPU.Build.0 = Release|Any CPU
		{2C6CACD4-0863-9048-DBD2-72320EF0B5BE}.Debug|Any CPU.ActiveCfg = Debug|Any CPU
		{2C6CACD4-0863-9048-DBD2-72320EF0B5BE}.Debug|Any CPU.Build.0 = Debug|Any CPU
		{2C6CACD4-0863-9048-DBD2-72320EF0B5BE}.Release|Any CPU.ActiveCfg = Release|Any CPU
		{2C6CACD4-0863-9048-DBD2-72320EF0B5BE}.Release|Any CPU.Build.0 = Release|Any CPU
	EndGlobalSection
	GlobalSection(SolutionProperties) = preSolution
		HideSolutionNode = FALSE
	EndGlobalSection
	GlobalSection(ExtensibilityGlobals) = postSolution
		SolutionGuid = {FC6A2B49-F29F-4E80-A5AF-AE71119CF39D}
	EndGlobalSection
EndGlobal
